{
  "lockfileVersion": 1,
  "configVersion": 1,
  "workspaces": {
    "": {
      "name": "@wasmagent/agent-trust-infra",
      "dependencies": {
        "@wasmagent/aep": "^1.8.0",
      },
      "devDependencies": {
        "@biomejs/biome": "^1.9.0",
        "turbo": "^2.0.0",
        "typescript": "^5.5.0",
      },
    },
    "packages/agentbom-core": {
      "name": "@wasmagent/agentbom-core",
      "version": "0.0.0-research",
      "dependencies": {
        "ajv": "^8.20.0",
      },
    },
    "packages/autogen-agentbom": {
      "name": "@wasmagent/autogen-agentbom",
      "version": "0.0.0-research",
      "dependencies": {
        "@wasmagent/agentbom-core": "*",
      },
    },
    "packages/langchain-agentbom": {
      "name": "@wasmagent/langchain-agentbom",
      "version": "0.0.0-research",
      "dependencies": {
        "@wasmagent/agentbom-core": "*",
      },
    },
    "packages/llamaindex-agentbom": {
      "name": "@wasmagent/llamaindex-agentbom",
      "version": "0.0.0-research",
      "dependencies": {
        "@wasmagent/agentbom-core": "*",
      },
    },
    "packages/mcp-posture-core": {
      "name": "@wasmagent/mcp-posture-core",
      "version": "0.0.0-research",
    },
    "packages/trust-passport-core": {
      "name": "@wasmagent/trust-passport-core",
      "version": "0.0.0-research",
    },
    "packages/trust-runtime": {
      "name": "@wasmagent/trust-runtime",
      "version": "0.0.0-research",
      "dependencies": {
        "@wasmagent/agentbom-core": "*",
        "@wasmagent/mcp-posture-core": "*",
      },
      "devDependencies": {
        "@types/bun": "latest",
      },
    },
  },
  "packages": {
    "@biomejs/biome": ["@biomejs/biome@1.9.4", "", { "optionalDependencies": { "@biomejs/cli-darwin-arm64": "1.9.4", "@biomejs/cli-darwin-x64": "1.9.4", "@biomejs/cli-linux-arm64": "1.9.4", "@biomejs/cli-linux-arm64-musl": "1.9.4", "@biomejs/cli-linux-x64": "1.9.4", "@biomejs/cli-linux-x64-musl": "1.9.4", "@biomejs/cli-win32-arm64": "1.9.4", "@biomejs/cli-win32-x64": "1.9.4" }, "bin": { "biome": "bin/biome" } }, "sha512-1rkd7G70+o9KkTn5KLmDYXihGoTaIGO9PIIN2ZB7UJxFrWw04CZHPYiMRjYsaDvVV7hP1dYNRLxSANLaBFGpog=="],

    "@biomejs/cli-darwin-arm64": ["@biomejs/cli-darwin-arm64@1.9.4", "", { "os": "darwin", "cpu": "arm64" }, "sha512-bFBsPWrNvkdKrNCYeAp+xo2HecOGPAy9WyNyB/jKnnedgzl4W4Hb9ZMzYNbf8dMCGmUdSavlYHiR01QaYR58cw=="],

    "@biomejs/cli-darwin-x64": ["@biomejs/cli-darwin-x64@1.9.4", "", { "os": "darwin", "cpu": "x64" }, "sha512-ngYBh/+bEedqkSevPVhLP4QfVPCpb+4BBe2p7Xs32dBgs7rh9nY2AIYUL6BgLw1JVXV8GlpKmb/hNiuIxfPfZg=="],

    "@biomejs/cli-linux-arm64": ["@biomejs/cli-linux-arm64@1.9.4", "", { "os": "linux", "cpu": "arm64" }, "sha512-fJIW0+LYujdjUgJJuwesP4EjIBl/N/TcOX3IvIHJQNsAqvV2CHIogsmA94BPG6jZATS4Hi+xv4SkBBQSt1N4/g=="],

    "@biomejs/cli-linux-arm64-musl": ["@biomejs/cli-linux-arm64-musl@1.9.4", "", { "os": "linux", "cpu": "arm64" }, "sha512-v665Ct9WCRjGa8+kTr0CzApU0+XXtRgwmzIf1SeKSGAv+2scAlW6JR5PMFo6FzqqZ64Po79cKODKf3/AAmECqA=="],

    "@biomejs/cli-linux-x64": ["@biomejs/cli-linux-x64@1.9.4", "", { "os": "linux", "cpu": "x64" }, "sha512-lRCJv/Vi3Vlwmbd6K+oQ0KhLHMAysN8lXoCI7XeHlxaajk06u7G+UsFSO01NAs5iYuWKmVZjmiOzJ0OJmGsMwg=="],

    "@biomejs/cli-linux-x64-musl": ["@biomejs/cli-linux-x64-musl@1.9.4", "", { "os": "linux", "cpu": "x64" }, "sha512-gEhi/jSBhZ2m6wjV530Yy8+fNqG8PAinM3oV7CyO+6c3CEh16Eizm21uHVsyVBEB6RIM8JHIl6AGYCv6Q6Q9Tg=="],

    "@biomejs/cli-win32-arm64": ["@biomejs/cli-win32-arm64@1.9.4", "", { "os": "win32", "cpu": "arm64" }, "sha512-tlbhLk+WXZmgwoIKwHIHEBZUwxml7bRJgk0X2sPyNR3S93cdRq6XulAZRQJ17FYGGzWne0fgrXBKpl7l4M87Hg=="],

    "@biomejs/cli-win32-x64": ["@biomejs/cli-win32-x64@1.9.4", "", { "os": "win32", "cpu": "x64" }, "sha512-8Y5wMhVIPaWe6jw2H+KlEm4wP/f7EW3810ZLmDlrEEy5KvBsb9ECEfu/kMWD484ijfQ8+nIi0giMgu9g1UAuuA=="],

    "@noble/ed25519": ["@noble/ed25519@3.1.0", "", {}, "sha512-pfcObRY3CtvwfaG9Mt5XqZdKmAQppl37tHUeuBhDUbiwJBCVY4/A4lbMvb1xKhMDx96AqAqZpMWuBX1HulhX4g=="],

    "@turbo/darwin-64": ["@turbo/darwin-64@2.10.0", "", { "os": "darwin", "cpu": "x64" }, "sha512-EwvHThXzpY0KGd1/NAmuewI5D+aVa3Rl/OlxE36yfjUKb/+ySrfJrSlEFt8aD1OXwnnaHnQnPKHFndor0Zxlsg=="],

    "@turbo/darwin-arm64": ["@turbo/darwin-arm64@2.10.0", "", { "os": "darwin", "cpu": "arm64" }, "sha512-9d2fTyyG0lf5Wq1bwJA9qUaeecViMkLcdctWaMMmCkxZ/JqypmqOwK3W6vmejeKVgkr06gSoiX8bD+xN5Jpxcg=="],

    "@turbo/linux-64": ["@turbo/linux-64@2.10.0", "", { "os": "linux", "cpu": "x64" }, "sha512-sZBtjMuufitanjzi6UssoUpJMnnPlLMcdcJj3m3ptNsSq31Xh7MnjhwA5nWvLDTfEFg8GPcbYFXMo8vSdKRfqQ=="],

    "@turbo/linux-arm64": ["@turbo/linux-arm64@2.10.0", "", { "os": "linux", "cpu": "arm64" }, "sha512-vkq/Z8R+1DQ+kifWFa810IjRy2NNBVvha3cg9sWA3nFh6nnGrHSMnnJKrzH7c/No9kq4Jb55Ru44YKsCSBgrKg=="],

    "@turbo/windows-64": ["@turbo/windows-64@2.10.0", "", { "os": "win32", "cpu": "x64" }, "sha512-CRUEguLWxFQHptYZS7HjPhNhAFawfea07iR+xAQ5e4klgLrPCMdexBkXwSCwOxqTFknJ7RZFN3gOaADsw+Gttg=="],

    "@turbo/windows-arm64": ["@turbo/windows-arm64@2.10.0", "", { "os": "win32", "cpu": "arm64" }, "sha512-dVHGaf9F8twzgibcBqKoADT/LLqf9++jDb+hq/LPWWaOmRpp4M+/pVOm7vy4z9D++xg8eaxWLT0+wQxFwhYu9A=="],

    "@types/bun": ["@types/bun@1.3.14", "", { "dependencies": { "bun-types": "1.3.14" } }, "sha512-h1hFqFVcvAvD9j9K7ZW7vd82aSA+rTdznZa+5bwvCwqSB1jmmfLcbIWhOLx1/+boy/xmjgCs/OMUL8hRJSmnPw=="],

    "@types/node": ["@types/node@26.1.0", "", { "dependencies": { "undici-types": "~8.3.0" } }, "sha512-O0A1G3xPGy4w7AgQdAQYUlQ+BKk2Oovw8eRpofyp5KdBZULnbe+WqaOVNrm705SHphCiG4XHsACrSmPu1f+Kgw=="],

    "@wasmagent/aep": ["@wasmagent/aep@1.8.0", "", { "dependencies": { "@noble/ed25519": "^3.1.0", "zod": "^3.23.0" } }, "sha512-ca0/OPzIvHFWG6l3Ip8HKmePi0e6X4UVYxuZF9jP6/3gmgOaihBsPJm1dWnTDLV2yIeDQBleKQ33Y29OcZ88ag=="],

    "@wasmagent/agentbom-core": ["@wasmagent/agentbom-core@workspace:packages/agentbom-core"],

    "@wasmagent/autogen-agentbom": ["@wasmagent/autogen-agentbom@workspace:packages/autogen-agentbom"],

    "@wasmagent/langchain-agentbom": ["@wasmagent/langchain-agentbom@workspace:packages/langchain-agentbom"],

    "@wasmagent/llamaindex-agentbom": ["@wasmagent/llamaindex-agentbom@workspace:packages/llamaindex-agentbom"],

    "@wasmagent/mcp-posture-core": ["@wasmagent/mcp-posture-core@workspace:packages/mcp-posture-core"],

    "@wasmagent/trust-passport-core": ["@wasmagent/trust-passport-core@workspace:packages/trust-passport-core"],

    "@wasmagent/trust-runtime": ["@wasmagent/trust-runtime@workspace:packages/trust-runtime"],

    "ajv": ["ajv@8.20.0", "", { "dependencies": { "fast-deep-equal": "^3.1.3", "fast-uri": "^3.0.1", "json-schema-traverse": "^1.0.0", "require-from-string": "^2.0.2" } }, "sha512-Thbli+OlOj+iMPYFBVBfJ3OmCAnaSyNn4M1vz9T6Gka5Jt9ba/HIR56joy65tY6kx/FCF5VXNB819Y7/GUrBGA=="],

    "bun-types": ["bun-types@1.3.14", "", { "dependencies": { "@types/node": "*" } }, "sha512-4N0ig0fEomHt5R0KCFWjovxow98rIoRwKolrYdCcknNwMekCXRnWEUvgu5soYV8QXtVsrUD8B95MBOZGPvr6KQ=="],

    "fast-deep-equal": ["fast-deep-equal@3.1.3", "", {}, "sha512-f3qQ9oQy9j2AhBe/H9VC91wLmKBCCU/gDOnKNAYG5hswO7BLKj09Hc5HYNz9cGI++xlpDCIgDaitVs03ATR84Q=="],

    "fast-uri": ["fast-uri@3.1.2", "", {}, "sha512-rVjf7ArG3LTk+FS6Yw81V1DLuZl1bRbNrev6Tmd/9RaroeeRRJhAt7jg/6YFxbvAQXUCavSoZhPPj6oOx+5KjQ=="],

    "json-schema-traverse": ["json-schema-traverse@1.0.0", "", {}, "sha512-NM8/P9n3XjXhIZn1lLhkFaACTOURQXjWhV4BA/RnOv8xvgqtqpAX9IO4mRQxSx1Rlo4tqzeqb0sOlruaOy3dug=="],

    "require-from-string": ["require-from-string@2.0.2", "", {}, "sha512-Xf0nWe6RseziFMu+Ap9biiUbmplq6S9/p+7w7YXP/JBHhrUDDUhwa+vANyubuqfZWTveU//DYVGsDG7RKL/vEw=="],

    "turbo": ["turbo@2.10.0", "", { "optionalDependencies": { "@turbo/darwin-64": "2.10.0", "@turbo/darwin-arm64": "2.10.0", "@turbo/linux-64": "2.10.0", "@turbo/linux-arm64": "2.10.0", "@turbo/windows-64": "2.10.0", "@turbo/windows-arm64": "2.10.0" }, "bin": { "turbo": "bin/turbo" } }, "sha512-o016H9PPtuH2deb3mh3Vci3Avfi9UYgM/RONQisY7HnloupP0IFSbFS3gFYJgFJP8nwBrByHWFQIDa8T2zIXPw=="],

    "typescript": ["typescript@5.9.3", "", { "bin": { "tsc": "bin/tsc", "tsserver": "bin/tsserver" } }, "sha512-jl1vZzPDinLr9eUt3J/t7V6FgNEw9QjvBPdysz9KfQDD41fQrC2Y4vKQdiaUpFT4bXlb1RHhLpp8wtm6M5TgSw=="],

    "undici-types": ["undici-types@8.3.0", "", {}, "sha512-j375ScV60dom+YkPFIfTLcOiPxkN/buHz5GobjLhixFuANaNs3C9l4GmrWqejgXWJ7BbJcFYpTEUkS1Ge8bpZQ=="],

    "zod": ["zod@3.25.76", "", {}, "sha512-gzUt/qt81nXsFGKIFcC3YnfEAx5NkunCfnDlvuBSSFS02bcXu4Lmea0AFIUwbLWxWPx3d9p8S5QoaujKcNQxcQ=="],
  }
}
